
Microsoft Visual Studio Solution File, Format Version 12.00
# Visual Studio Version 17
VisualStudioVersion = 17.8.34511.84
MinimumVisualStudioVersion = 10.0.40219.1
Project("{FAE04EC0-301F-11D3-BF4B-00C04F79EFBC}") = "FoodWasteReductionAppForRestaurants", "FoodWasteReductionAppForRestaurants.csproj", "{0FDF25AC-A6A0-4B00-8B41-02DFA02136EA}"
EndProject
Global
	GlobalSection(SolutionConfigurationPlatforms) = preSolution
		Debug|Any CPU = Debug|Any CPU
		Release|Any CPU = Release|Any CPU
	EndGlobalSection
	GlobalSection(ProjectConfigurationPlatforms) = postSolution
		{0FDF25AC-A6A0-4B00-8B41-02DFA02136EA}.Debug|Any CPU.ActiveCfg = Debug|Any CPU
		{0FDF25AC-A6A0-4B00-8B41-02DFA02136EA}.Debug|Any CPU.Build.0 = Debug|Any CPU
		{0FDF25AC-A6A0-4B00-8B41-02DFA02136EA}.Release|Any CPU.ActiveCfg = Release|Any CPU
		{0FDF25AC-A6A0-4B00-8B41-02DFA02136EA}.Release|Any CPU.Build.0 = Release|Any CPU
	EndGlobalSection
	GlobalSection(SolutionProperties) = preSolution
		HideSolutionNode = FALSE
	EndGlobalSection
	GlobalSection(ExtensibilityGlobals) = postSolution
		SolutionGuid = {498DED12-97C6-4945-AA62-99EEF5481D91}
	EndGlobalSection
EndGlobal
